
Microsoft Visual Studio Solution File, Format Version 12.00
# Visual Studio Version 16
VisualStudioVersion = 16.0.29613.14
MinimumVisualStudioVersion = 10.0.40219.1
Project("{9A19103F-16F7-4668-BE54-9A1E7A4F7556}") = "ProcessFlow", "ProcessFlow\ProcessFlow.csproj", "{FAD7C75C-38CD-43EE-998E-69E0483FAE0D}"
EndProject
Project("{FAE04EC0-301F-11D3-BF4B-00C04F79EFBC}") = "ProcessFlow.Tests", "ProcessFlow.Tests\ProcessFlow.Tests.csproj", "{082F63EE-51B6-4CFB-A04C-A86E8A3489B8}"
EndProject
Global
	GlobalSection(SolutionConfigurationPlatforms) = preSolution
		Debug|Any CPU = Debug|Any CPU
		Release|Any CPU = Release|Any CPU
	EndGlobalSection
	GlobalSection(ProjectConfigurationPlatforms) = postSolution
		{FAD7C75C-38CD-43EE-998E-69E0483FAE0D}.Debug|Any CPU.ActiveCfg = Debug|Any CPU
		{FAD7C75C-38CD-43EE-998E-69E0483FAE0D}.Debug|Any CPU.Build.0 = Debug|Any CPU
		{FAD7C75C-38CD-43EE-998E-69E0483FAE0D}.Release|Any CPU.ActiveCfg = Release|Any CPU
		{FAD7C75C-38CD-43EE-998E-69E0483FAE0D}.Release|Any CPU.Build.0 = Release|Any CPU
		{082F63EE-51B6-4CFB-A04C-A86E8A3489B8}.Debug|Any CPU.ActiveCfg = Debug|Any CPU
		{082F63EE-51B6-4CFB-A04C-A86E8A3489B8}.Debug|Any CPU.Build.0 = Debug|Any CPU
		{082F63EE-51B6-4CFB-A04C-A86E8A3489B8}.Release|Any CPU.ActiveCfg = Release|Any CPU
		{082F63EE-51B6-4CFB-A04C-A86E8A3489B8}.Release|Any CPU.Build.0 = Release|Any CPU
	EndGlobalSection
	GlobalSection(SolutionProperties) = preSolution
		HideSolutionNode = FALSE
	EndGlobalSection
	GlobalSection(ExtensibilityGlobals) = postSolution
		SolutionGuid = {BE61785B-133B-4B3F-80D2-8FDDAA010DBE}
	EndGlobalSection
EndGlobal
